dependencies:
- name: postgresql
  repository: https://charts.bitnami.com/bitnami
  version: 16.3.0
- name: redis
  repository: https://charts.bitnami.com/bitnami
  version: 20.4.1
digest: sha256:33a2db79994856ead6a95c79b81c9bff7a0d53394f94bb7c1dbc98f2c91e1338
generated: "2024-12-11T05:50:17.093430161Z"
