dependencies:
- name: postgresql
  repository: https://charts.bitnami.com/bitnami
  version: 16.6.6
- name: redis
  repository: https://charts.bitnami.com/bitnami
  version: 21.0.0
digest: sha256:34057a191363952a59169853953201a9a3465ed83e010e3f491408bf28cdac6c
generated: "2025-05-07T00:35:01.251622567Z"
